
Microsoft Visual Studio Solution File, Format Version 12.00
# Visual Studio Version 16
VisualStudioVersion = 16.0.32602.291
MinimumVisualStudioVersion = 10.0.40219.1
Project("{FAE04EC0-301F-11D3-BF4B-00C04F79EFBC}") = "ChatApp", "ChatApp\ChatApp.csproj", "{B2434155-FD68-4A12-AEAD-56BA68011872}"
EndProject
Global
	GlobalSection(SolutionConfigurationPlatforms) = preSolution
		Debug|Any CPU = Debug|Any CPU
		Release|Any CPU = Release|Any CPU
	EndGlobalSection
	GlobalSection(ProjectConfigurationPlatforms) = postSolution
		{B2434155-FD68-4A12-AEAD-56BA68011872}.Debug|Any CPU.ActiveCfg = Debug|Any CPU
		{B2434155-FD68-4A12-AEAD-56BA68011872}.Debug|Any CPU.Build.0 = Debug|Any CPU
		{B2434155-FD68-4A12-AEAD-56BA68011872}.Release|Any CPU.ActiveCfg = Release|Any CPU
		{B2434155-FD68-4A12-AEAD-56BA68011872}.Release|Any CPU.Build.0 = Release|Any CPU
	EndGlobalSection
	GlobalSection(SolutionProperties) = preSolution
		HideSolutionNode = FALSE
	EndGlobalSection
	GlobalSection(ExtensibilityGlobals) = postSolution
		SolutionGuid = {997B4980-3E76-437C-8A23-0C94598A2BD4}
	EndGlobalSection
EndGlobal
